
Microsoft Visual Studio Solution File, Format Version 12.00
# Visual Studio Version 16
VisualStudioVersion = 16.0.29519.181
MinimumVisualStudioVersion = 10.0.40219.1
Project("{FAE04EC0-301F-11D3-BF4B-00C04F79EFBC}") = "MinecraftLauncher", "MinecraftLauncher.csproj", "{282AD2C5-FD03-49D2-B95D-39B7F723E6F2}"
EndProject
Global
	GlobalSection(SolutionConfigurationPlatforms) = preSolution
		Debug|Any CPU = Debug|Any CPU
		Release|Any CPU = Release|Any CPU
	EndGlobalSection
	GlobalSection(ProjectConfigurationPlatforms) = postSolution
		{282AD2C5-FD03-49D2-B95D-39B7F723E6F2}.Debug|Any CPU.ActiveCfg = Debug|Any CPU
		{282AD2C5-FD03-49D2-B95D-39B7F723E6F2}.Debug|Any CPU.Build.0 = Debug|Any CPU
		{282AD2C5-FD03-49D2-B95D-39B7F723E6F2}.Release|Any CPU.ActiveCfg = Release|Any CPU
		{282AD2C5-FD03-49D2-B95D-39B7F723E6F2}.Release|Any CPU.Build.0 = Release|Any CPU
	EndGlobalSection
	GlobalSection(SolutionProperties) = preSolution
		HideSolutionNode = FALSE
	EndGlobalSection
	GlobalSection(ExtensibilityGlobals) = postSolution
		SolutionGuid = {58BCDBF9-5D90-4B66-9F13-6C9080853EB1}
	EndGlobalSection
EndGlobal
